
Microsoft Visual Studio Solution File, Format Version 12.00
# Visual Studio 15
VisualStudioVersion = 15.0.27130.2010
MinimumVisualStudioVersion = 10.0.40219.1
Project("{FAE04EC0-301F-11D3-BF4B-00C04F79EFBC}") = "CIV-UnitTesting-Exercises", "CIV-UnitTesting-Exercises\CIV-UnitTesting-Exercises.csproj", "{FDD1D535-E0AF-41AD-9E0D-1D3FE4F4B1E0}"
EndProject
Project("{FAE04EC0-301F-11D3-BF4B-00C04F79EFBC}") = "CIV-UnitTesting-Exercices.Tests", "CIV-UnitTesting-Exercices.Tests\CIV-UnitTesting-Exercices.Tests.csproj", "{94072CC4-6E17-4B6C-8572-AC6C726B651C}"
EndProject
Global
	GlobalSection(SolutionConfigurationPlatforms) = preSolution
		Debug|Any CPU = Debug|Any CPU
		Release|Any CPU = Release|Any CPU
	EndGlobalSection
	GlobalSection(ProjectConfigurationPlatforms) = postSolution
		{FDD1D535-E0AF-41AD-9E0D-1D3FE4F4B1E0}.Debug|Any CPU.ActiveCfg = Debug|Any CPU
		{FDD1D535-E0AF-41AD-9E0D-1D3FE4F4B1E0}.Debug|Any CPU.Build.0 = Debug|Any CPU
		{FDD1D535-E0AF-41AD-9E0D-1D3FE4F4B1E0}.Release|Any CPU.ActiveCfg = Release|Any CPU
		{FDD1D535-E0AF-41AD-9E0D-1D3FE4F4B1E0}.Release|Any CPU.Build.0 = Release|Any CPU
		{94072CC4-6E17-4B6C-8572-AC6C726B651C}.Debug|Any CPU.ActiveCfg = Debug|Any CPU
		{94072CC4-6E17-4B6C-8572-AC6C726B651C}.Debug|Any CPU.Build.0 = Debug|Any CPU
		{94072CC4-6E17-4B6C-8572-AC6C726B651C}.Release|Any CPU.ActiveCfg = Release|Any CPU
		{94072CC4-6E17-4B6C-8572-AC6C726B651C}.Release|Any CPU.Build.0 = Release|Any CPU
	EndGlobalSection
	GlobalSection(SolutionProperties) = preSolution
		HideSolutionNode = FALSE
	EndGlobalSection
	GlobalSection(ExtensibilityGlobals) = postSolution
		SolutionGuid = {1ED53FE8-DD00-4B23-A463-07DD0FB55243}
	EndGlobalSection
EndGlobal
